
Microsoft Visual Studio Solution File, Format Version 12.00
# Visual Studio Version 17
VisualStudioVersion = 17.0.31903.59
MinimumVisualStudioVersion = 10.0.40219.1
Project("{2150E333-8FDC-42A3-9474-1A3956D46DE8}") = "Shared", "Shared", "{4F52FD11-658E-A102-6CD3-7D7C16FFA15B}"
EndProject
Project("{FAE04EC0-301F-11D3-BF4B-00C04F79EFBC}") = "Vetolib.Shared.Kernel", "Shared\Vetolib.Shared.Kernel\Vetolib.Shared.Kernel.csproj", "{F0B6B8BF-92B1-4949-A35F-053678349367}"
EndProject
Project("{FAE04EC0-301F-11D3-BF4B-00C04F79EFBC}") = "Vetolib.Shared.Infrastructure", "Shared\Vetolib.Shared.Infrastructure\Vetolib.Shared.Infrastructure.csproj", "{444922F0-55E7-446D-9D11-798BB6785F63}"
EndProject
Project("{2150E333-8FDC-42A3-9474-1A3956D46DE8}") = "Modules", "Modules", "{CA253913-39DE-BFD0-C9A3-4B7EC6FBDF17}"
EndProject
Project("{2150E333-8FDC-42A3-9474-1A3956D46DE8}") = "Auth", "Auth", "{CEAC0979-DAB2-0E19-81EF-22AE32770578}"
EndProject
Project("{FAE04EC0-301F-11D3-BF4B-00C04F79EFBC}") = "Vetolib.Auth.Contracts", "Modules\Auth\Vetolib.Auth.Contracts\Vetolib.Auth.Contracts.csproj", "{428D413D-0AB9-4A44-8DEA-4DA83758DBCA}"
EndProject
Project("{FAE04EC0-301F-11D3-BF4B-00C04F79EFBC}") = "Vetolib.Auth", "Modules\Auth\Vetolib.Auth\Vetolib.Auth.csproj", "{10DB9684-1A80-43E7-BC6F-E08A25EDDD57}"
EndProject
Project("{FAE04EC0-301F-11D3-BF4B-00C04F79EFBC}") = "Vetolib.Api", "Vetolib.Api\Vetolib.Api.csproj", "{F8C9DE4C-802A-4248-AA63-E6BC51411A74}"
EndProject
Project("{2150E333-8FDC-42A3-9474-1A3956D46DE8}") = "AppHost", "AppHost", "{90DCE71B-4939-B80A-CE8C-85DE2210C7AC}"
EndProject
Project("{FAE04EC0-301F-11D3-BF4B-00C04F79EFBC}") = "Vetolib.AppHost", "AppHost\Vetolib.AppHost.csproj", "{3EBD2373-0D07-49D4-8AD5-7CFC7D2FB4B6}"
EndProject
Project("{2150E333-8FDC-42A3-9474-1A3956D46DE8}") = "ServiceDefaults", "ServiceDefaults", "{74AAC13F-230C-588C-5568-D96188CD79F4}"
EndProject
Project("{FAE04EC0-301F-11D3-BF4B-00C04F79EFBC}") = "Vetolib.ServiceDefaults", "ServiceDefaults\Vetolib.ServiceDefaults.csproj", "{54393986-18C5-4B4A-A6C9-7C8FFE5C242F}"
EndProject
Project("{2150E333-8FDC-42A3-9474-1A3956D46DE8}") = "Tests", "Tests", "{0AB3BF05-4346-4AA6-1389-037BE0695223}"
EndProject
Project("{FAE04EC0-301F-11D3-BF4B-00C04F79EFBC}") = "Vetolib.Tests.Acceptance", "..\..\tests\Vetolib.Tests.Acceptance\Vetolib.Tests.Acceptance.csproj", "{B2650FB1-FAC8-43BD-9A9F-32E196C7115E}"
EndProject
Project("{2150E333-8FDC-42A3-9474-1A3956D46DE8}") = "Agenda", "Agenda", "{C1FE6300-95AB-E01C-D733-4A87EDC978EC}"
EndProject
Project("{FAE04EC0-301F-11D3-BF4B-00C04F79EFBC}") = "Vetolib.Agenda.Contracts", "Modules\Agenda\Vetolib.Agenda.Contracts\Vetolib.Agenda.Contracts.csproj", "{4FD49D92-C920-4F16-B787-A2FF908C5B45}"
EndProject
Project("{FAE04EC0-301F-11D3-BF4B-00C04F79EFBC}") = "Vetolib.Agenda", "Modules\Agenda\Vetolib.Agenda\Vetolib.Agenda.csproj", "{3BA392C4-5CAA-4BE2-A93E-D78DEB14F6CC}"
EndProject
Project("{2150E333-8FDC-42A3-9474-1A3956D46DE8}") = "MedicalRecords", "MedicalRecords", "{B2E6B45D-AA7F-5032-B1D9-CB56D348C2F5}"
EndProject
Project("{FAE04EC0-301F-11D3-BF4B-00C04F79EFBC}") = "Vetolib.MedicalRecords.Contracts", "Modules\MedicalRecords\Vetolib.MedicalRecords.Contracts\Vetolib.MedicalRecords.Contracts.csproj", "{21D5D718-0AB6-44EF-B9AD-CB4C333343A6}"
EndProject
Project("{FAE04EC0-301F-11D3-BF4B-00C04F79EFBC}") = "Vetolib.MedicalRecords", "Modules\MedicalRecords\Vetolib.MedicalRecords\Vetolib.MedicalRecords.csproj", "{BC1A9545-5E71-45FD-B5DD-BA1F68B41A86}"
EndProject
Project("{2150E333-8FDC-42A3-9474-1A3956D46DE8}") = "Billing", "Billing", "{38C1AB8D-0191-F593-EB5D-111F98BD1BED}"
EndProject
Project("{FAE04EC0-301F-11D3-BF4B-00C04F79EFBC}") = "Vetolib.Billing.Contracts", "Modules\Billing\Vetolib.Billing.Contracts\Vetolib.Billing.Contracts.csproj", "{B0F5ADDC-7B84-4F41-B030-000654ED7967}"
EndProject
Project("{FAE04EC0-301F-11D3-BF4B-00C04F79EFBC}") = "Vetolib.Billing", "Modules\Billing\Vetolib.Billing\Vetolib.Billing.csproj", "{A23D481E-15FB-404C-9DF1-CCD55B068D91}"
EndProject
Project("{2150E333-8FDC-42A3-9474-1A3956D46DE8}") = "Notifications", "Notifications", "{D7B3A9E1-1234-4567-ABCD-EF0123456789}"
EndProject
Project("{FAE04EC0-301F-11D3-BF4B-00C04F79EFBC}") = "Vetolib.Notifications.Contracts", "Modules\Notifications\Vetolib.Notifications.Contracts\Vetolib.Notifications.Contracts.csproj", "{E1B2C3D4-5678-90AB-CDEF-012345678901}"
EndProject
Project("{FAE04EC0-301F-11D3-BF4B-00C04F79EFBC}") = "Vetolib.Notifications", "Modules\Notifications\Vetolib.Notifications\Vetolib.Notifications.csproj", "{F2C3D4E5-6789-01AB-CDEF-123456789012}"
EndProject
Project("{FAE04EC0-301F-11D3-BF4B-00C04F79EFBC}") = "Vetolib.Tests.Unit", "..\..\tests\Vetolib.Tests.Unit\Vetolib.Tests.Unit.csproj", "{D02FEE93-CAD8-416F-90F0-244C11AE1304}"
EndProject
Global
	GlobalSection(SolutionConfigurationPlatforms) = preSolution
		Debug|Any CPU = Debug|Any CPU
		Debug|x64 = Debug|x64
		Debug|x86 = Debug|x86
		Release|Any CPU = Release|Any CPU
		Release|x64 = Release|x64
		Release|x86 = Release|x86
	EndGlobalSection
	GlobalSection(ProjectConfigurationPlatforms) = postSolution
		{F0B6B8BF-92B1-4949-A35F-053678349367}.Debug|Any CPU.ActiveCfg = Debug|Any CPU
		{F0B6B8BF-92B1-4949-A35F-053678349367}.Debug|Any CPU.Build.0 = Debug|Any CPU
		{F0B6B8BF-92B1-4949-A35F-053678349367}.Debug|x64.ActiveCfg = Debug|Any CPU
		{F0B6B8BF-92B1-4949-A35F-053678349367}.Debug|x64.Build.0 = Debug|Any CPU
		{F0B6B8BF-92B1-4949-A35F-053678349367}.Debug|x86.ActiveCfg = Debug|Any CPU
		{F0B6B8BF-92B1-4949-A35F-053678349367}.Debug|x86.Build.0 = Debug|Any CPU
		{F0B6B8BF-92B1-4949-A35F-053678349367}.Release|Any CPU.ActiveCfg = Release|Any CPU
		{F0B6B8BF-92B1-4949-A35F-053678349367}.Release|Any CPU.Build.0 = Release|Any CPU
		{F0B6B8BF-92B1-4949-A35F-053678349367}.Release|x64.ActiveCfg = Release|Any CPU
		{F0B6B8BF-92B1-4949-A35F-053678349367}.Release|x64.Build.0 = Release|Any CPU
		{F0B6B8BF-92B1-4949-A35F-053678349367}.Release|x86.ActiveCfg = Release|Any CPU
		{F0B6B8BF-92B1-4949-A35F-053678349367}.Release|x86.Build.0 = Release|Any CPU
		{444922F0-55E7-446D-9D11-798BB6785F63}.Debug|Any CPU.ActiveCfg = Debug|Any CPU
		{444922F0-55E7-446D-9D11-798BB6785F63}.Debug|Any CPU.Build.0 = Debug|Any CPU
		{444922F0-55E7-446D-9D11-798BB6785F63}.Debug|x64.ActiveCfg = Debug|Any CPU
		{444922F0-55E7-446D-9D11-798BB6785F63}.Debug|x64.Build.0 = Debug|Any CPU
		{444922F0-55E7-446D-9D11-798BB6785F63}.Debug|x86.ActiveCfg = Debug|Any CPU
		{444922F0-55E7-446D-9D11-798BB6785F63}.Debug|x86.Build.0 = Debug|Any CPU
		{444922F0-55E7-446D-9D11-798BB6785F63}.Release|Any CPU.ActiveCfg = Release|Any CPU
		{444922F0-55E7-446D-9D11-798BB6785F63}.Release|Any CPU.Build.0 = Release|Any CPU
		{444922F0-55E7-446D-9D11-798BB6785F63}.Release|x64.ActiveCfg = Release|Any CPU
		{444922F0-55E7-446D-9D11-798BB6785F63}.Release|x64.Build.0 = Release|Any CPU
		{444922F0-55E7-446D-9D11-798BB6785F63}.Release|x86.ActiveCfg = Release|Any CPU
		{444922F0-55E7-446D-9D11-798BB6785F63}.Release|x86.Build.0 = Release|Any CPU
		{428D413D-0AB9-4A44-8DEA-4DA83758DBCA}.Debug|Any CPU.ActiveCfg = Debug|Any CPU
		{428D413D-0AB9-4A44-8DEA-4DA83758DBCA}.Debug|Any CPU.Build.0 = Debug|Any CPU
		{428D413D-0AB9-4A44-8DEA-4DA83758DBCA}.Debug|x64.ActiveCfg = Debug|Any CPU
		{428D413D-0AB9-4A44-8DEA-4DA83758DBCA}.Debug|x64.Build.0 = Debug|Any CPU
		{428D413D-0AB9-4A44-8DEA-4DA83758DBCA}.Debug|x86.ActiveCfg = Debug|Any CPU
		{428D413D-0AB9-4A44-8DEA-4DA83758DBCA}.Debug|x86.Build.0 = Debug|Any CPU
		{428D413D-0AB9-4A44-8DEA-4DA83758DBCA}.Release|Any CPU.ActiveCfg = Release|Any CPU
		{428D413D-0AB9-4A44-8DEA-4DA83758DBCA}.Release|Any CPU.Build.0 = Release|Any CPU
		{428D413D-0AB9-4A44-8DEA-4DA83758DBCA}.Release|x64.ActiveCfg = Release|Any CPU
		{428D413D-0AB9-4A44-8DEA-4DA83758DBCA}.Release|x64.Build.0 = Release|Any CPU
		{428D413D-0AB9-4A44-8DEA-4DA83758DBCA}.Release|x86.ActiveCfg = Release|Any CPU
		{428D413D-0AB9-4A44-8DEA-4DA83758DBCA}.Release|x86.Build.0 = Release|Any CPU
		{10DB9684-1A80-43E7-BC6F-E08A25EDDD57}.Debug|Any CPU.ActiveCfg = Debug|Any CPU
		{10DB9684-1A80-43E7-BC6F-E08A25EDDD57}.Debug|Any CPU.Build.0 = Debug|Any CPU
		{10DB9684-1A80-43E7-BC6F-E08A25EDDD57}.Debug|x64.ActiveCfg = Debug|Any CPU
		{10DB9684-1A80-43E7-BC6F-E08A25EDDD57}.Debug|x64.Build.0 = Debug|Any CPU
		{10DB9684-1A80-43E7-BC6F-E08A25EDDD57}.Debug|x86.ActiveCfg = Debug|Any CPU
		{10DB9684-1A80-43E7-BC6F-E08A25EDDD57}.Debug|x86.Build.0 = Debug|Any CPU
		{10DB9684-1A80-43E7-BC6F-E08A25EDDD57}.Release|Any CPU.ActiveCfg = Release|Any CPU
		{10DB9684-1A80-43E7-BC6F-E08A25EDDD57}.Release|Any CPU.Build.0 = Release|Any CPU
		{10DB9684-1A80-43E7-BC6F-E08A25EDDD57}.Release|x64.ActiveCfg = Release|Any CPU
		{10DB9684-1A80-43E7-BC6F-E08A25EDDD57}.Release|x64.Build.0 = Release|Any CPU
		{10DB9684-1A80-43E7-BC6F-E08A25EDDD57}.Release|x86.ActiveCfg = Release|Any CPU
		{10DB9684-1A80-43E7-BC6F-E08A25EDDD57}.Release|x86.Build.0 = Release|Any CPU
		{F8C9DE4C-802A-4248-AA63-E6BC51411A74}.Debug|Any CPU.ActiveCfg = Debug|Any CPU
		{F8C9DE4C-802A-4248-AA63-E6BC51411A74}.Debug|Any CPU.Build.0 = Debug|Any CPU
		{F8C9DE4C-802A-4248-AA63-E6BC51411A74}.Debug|x64.ActiveCfg = Debug|Any CPU
		{F8C9DE4C-802A-4248-AA63-E6BC51411A74}.Debug|x64.Build.0 = Debug|Any CPU
		{F8C9DE4C-802A-4248-AA63-E6BC51411A74}.Debug|x86.ActiveCfg = Debug|Any CPU
		{F8C9DE4C-802A-4248-AA63-E6BC51411A74}.Debug|x86.Build.0 = Debug|Any CPU
		{F8C9DE4C-802A-4248-AA63-E6BC51411A74}.Release|Any CPU.ActiveCfg = Release|Any CPU
		{F8C9DE4C-802A-4248-AA63-E6BC51411A74}.Release|Any CPU.Build.0 = Release|Any CPU
		{F8C9DE4C-802A-4248-AA63-E6BC51411A74}.Release|x64.ActiveCfg = Release|Any CPU
		{F8C9DE4C-802A-4248-AA63-E6BC51411A74}.Release|x64.Build.0 = Release|Any CPU
		{F8C9DE4C-802A-4248-AA63-E6BC51411A74}.Release|x86.ActiveCfg = Release|Any CPU
		{F8C9DE4C-802A-4248-AA63-E6BC51411A74}.Release|x86.Build.0 = Release|Any CPU
		{3EBD2373-0D07-49D4-8AD5-7CFC7D2FB4B6}.Debug|Any CPU.ActiveCfg = Debug|Any CPU
		{3EBD2373-0D07-49D4-8AD5-7CFC7D2FB4B6}.Debug|Any CPU.Build.0 = Debug|Any CPU
		{3EBD2373-0D07-49D4-8AD5-7CFC7D2FB4B6}.Debug|x64.ActiveCfg = Debug|Any CPU
		{3EBD2373-0D07-49D4-8AD5-7CFC7D2FB4B6}.Debug|x64.Build.0 = Debug|Any CPU
		{3EBD2373-0D07-49D4-8AD5-7CFC7D2FB4B6}.Debug|x86.ActiveCfg = Debug|Any CPU
		{3EBD2373-0D07-49D4-8AD5-7CFC7D2FB4B6}.Debug|x86.Build.0 = Debug|Any CPU
		{3EBD2373-0D07-49D4-8AD5-7CFC7D2FB4B6}.Release|Any CPU.ActiveCfg = Release|Any CPU
		{3EBD2373-0D07-49D4-8AD5-7CFC7D2FB4B6}.Release|Any CPU.Build.0 = Release|Any CPU
		{3EBD2373-0D07-49D4-8AD5-7CFC7D2FB4B6}.Release|x64.ActiveCfg = Release|Any CPU
		{3EBD2373-0D07-49D4-8AD5-7CFC7D2FB4B6}.Release|x64.Build.0 = Release|Any CPU
		{3EBD2373-0D07-49D4-8AD5-7CFC7D2FB4B6}.Release|x86.ActiveCfg = Release|Any CPU
		{3EBD2373-0D07-49D4-8AD5-7CFC7D2FB4B6}.Release|x86.Build.0 = Release|Any CPU
		{54393986-18C5-4B4A-A6C9-7C8FFE5C242F}.Debug|Any CPU.ActiveCfg = Debug|Any CPU
		{54393986-18C5-4B4A-A6C9-7C8FFE5C242F}.Debug|Any CPU.Build.0 = Debug|Any CPU
		{54393986-18C5-4B4A-A6C9-7C8FFE5C242F}.Debug|x64.ActiveCfg = Debug|Any CPU
		{54393986-18C5-4B4A-A6C9-7C8FFE5C242F}.Debug|x64.Build.0 = Debug|Any CPU
		{54393986-18C5-4B4A-A6C9-7C8FFE5C242F}.Debug|x86.ActiveCfg = Debug|Any CPU
		{54393986-18C5-4B4A-A6C9-7C8FFE5C242F}.Debug|x86.Build.0 = Debug|Any CPU
		{54393986-18C5-4B4A-A6C9-7C8FFE5C242F}.Release|Any CPU.ActiveCfg = Release|Any CPU
		{54393986-18C5-4B4A-A6C9-7C8FFE5C242F}.Release|Any CPU.Build.0 = Release|Any CPU
		{54393986-18C5-4B4A-A6C9-7C8FFE5C242F}.Release|x64.ActiveCfg = Release|Any CPU
		{54393986-18C5-4B4A-A6C9-7C8FFE5C242F}.Release|x64.Build.0 = Release|Any CPU
		{54393986-18C5-4B4A-A6C9-7C8FFE5C242F}.Release|x86.ActiveCfg = Release|Any CPU
		{54393986-18C5-4B4A-A6C9-7C8FFE5C242F}.Release|x86.Build.0 = Release|Any CPU
		{B2650FB1-FAC8-43BD-9A9F-32E196C7115E}.Debug|Any CPU.ActiveCfg = Debug|Any CPU
		{B2650FB1-FAC8-43BD-9A9F-32E196C7115E}.Debug|Any CPU.Build.0 = Debug|Any CPU
		{B2650FB1-FAC8-43BD-9A9F-32E196C7115E}.Debug|x64.ActiveCfg = Debug|Any CPU
		{B2650FB1-FAC8-43BD-9A9F-32E196C7115E}.Debug|x64.Build.0 = Debug|Any CPU
		{B2650FB1-FAC8-43BD-9A9F-32E196C7115E}.Debug|x86.ActiveCfg = Debug|Any CPU
		{B2650FB1-FAC8-43BD-9A9F-32E196C7115E}.Debug|x86.Build.0 = Debug|Any CPU
		{B2650FB1-FAC8-43BD-9A9F-32E196C7115E}.Release|Any CPU.ActiveCfg = Release|Any CPU
		{B2650FB1-FAC8-43BD-9A9F-32E196C7115E}.Release|Any CPU.Build.0 = Release|Any CPU
		{B2650FB1-FAC8-43BD-9A9F-32E196C7115E}.Release|x64.ActiveCfg = Release|Any CPU
		{B2650FB1-FAC8-43BD-9A9F-32E196C7115E}.Release|x64.Build.0 = Release|Any CPU
		{B2650FB1-FAC8-43BD-9A9F-32E196C7115E}.Release|x86.ActiveCfg = Release|Any CPU
		{B2650FB1-FAC8-43BD-9A9F-32E196C7115E}.Release|x86.Build.0 = Release|Any CPU
		{4FD49D92-C920-4F16-B787-A2FF908C5B45}.Debug|Any CPU.ActiveCfg = Debug|Any CPU
		{4FD49D92-C920-4F16-B787-A2FF908C5B45}.Debug|Any CPU.Build.0 = Debug|Any CPU
		{4FD49D92-C920-4F16-B787-A2FF908C5B45}.Debug|x64.ActiveCfg = Debug|Any CPU
		{4FD49D92-C920-4F16-B787-A2FF908C5B45}.Debug|x64.Build.0 = Debug|Any CPU
		{4FD49D92-C920-4F16-B787-A2FF908C5B45}.Debug|x86.ActiveCfg = Debug|Any CPU
		{4FD49D92-C920-4F16-B787-A2FF908C5B45}.Debug|x86.Build.0 = Debug|Any CPU
		{4FD49D92-C920-4F16-B787-A2FF908C5B45}.Release|Any CPU.ActiveCfg = Release|Any CPU
		{4FD49D92-C920-4F16-B787-A2FF908C5B45}.Release|Any CPU.Build.0 = Release|Any CPU
		{4FD49D92-C920-4F16-B787-A2FF908C5B45}.Release|x64.ActiveCfg = Release|Any CPU
		{4FD49D92-C920-4F16-B787-A2FF908C5B45}.Release|x64.Build.0 = Release|Any CPU
		{4FD49D92-C920-4F16-B787-A2FF908C5B45}.Release|x86.ActiveCfg = Release|Any CPU
		{4FD49D92-C920-4F16-B787-A2FF908C5B45}.Release|x86.Build.0 = Release|Any CPU
		{3BA392C4-5CAA-4BE2-A93E-D78DEB14F6CC}.Debug|Any CPU.ActiveCfg = Debug|Any CPU
		{3BA392C4-5CAA-4BE2-A93E-D78DEB14F6CC}.Debug|Any CPU.Build.0 = Debug|Any CPU
		{3BA392C4-5CAA-4BE2-A93E-D78DEB14F6CC}.Debug|x64.ActiveCfg = Debug|Any CPU
		{3BA392C4-5CAA-4BE2-A93E-D78DEB14F6CC}.Debug|x64.Build.0 = Debug|Any CPU
		{3BA392C4-5CAA-4BE2-A93E-D78DEB14F6CC}.Debug|x86.ActiveCfg = Debug|Any CPU
		{3BA392C4-5CAA-4BE2-A93E-D78DEB14F6CC}.Debug|x86.Build.0 = Debug|Any CPU
		{3BA392C4-5CAA-4BE2-A93E-D78DEB14F6CC}.Release|Any CPU.ActiveCfg = Release|Any CPU
		{3BA392C4-5CAA-4BE2-A93E-D78DEB14F6CC}.Release|Any CPU.Build.0 = Release|Any CPU
		{3BA392C4-5CAA-4BE2-A93E-D78DEB14F6CC}.Release|x64.ActiveCfg = Release|Any CPU
		{3BA392C4-5CAA-4BE2-A93E-D78DEB14F6CC}.Release|x64.Build.0 = Release|Any CPU
		{3BA392C4-5CAA-4BE2-A93E-D78DEB14F6CC}.Release|x86.ActiveCfg = Release|Any CPU
		{3BA392C4-5CAA-4BE2-A93E-D78DEB14F6CC}.Release|x86.Build.0 = Release|Any CPU
		{21D5D718-0AB6-44EF-B9AD-CB4C333343A6}.Debug|Any CPU.ActiveCfg = Debug|Any CPU
		{21D5D718-0AB6-44EF-B9AD-CB4C333343A6}.Debug|Any CPU.Build.0 = Debug|Any CPU
		{21D5D718-0AB6-44EF-B9AD-CB4C333343A6}.Debug|x64.ActiveCfg = Debug|Any CPU
		{21D5D718-0AB6-44EF-B9AD-CB4C333343A6}.Debug|x64.Build.0 = Debug|Any CPU
		{21D5D718-0AB6-44EF-B9AD-CB4C333343A6}.Debug|x86.ActiveCfg = Debug|Any CPU
		{21D5D718-0AB6-44EF-B9AD-CB4C333343A6}.Debug|x86.Build.0 = Debug|Any CPU
		{21D5D718-0AB6-44EF-B9AD-CB4C333343A6}.Release|Any CPU.ActiveCfg = Release|Any CPU
		{21D5D718-0AB6-44EF-B9AD-CB4C333343A6}.Release|Any CPU.Build.0 = Release|Any CPU
		{21D5D718-0AB6-44EF-B9AD-CB4C333343A6}.Release|x64.ActiveCfg = Release|Any CPU
		{21D5D718-0AB6-44EF-B9AD-CB4C333343A6}.Release|x64.Build.0 = Release|Any CPU
		{21D5D718-0AB6-44EF-B9AD-CB4C333343A6}.Release|x86.ActiveCfg = Release|Any CPU
		{21D5D718-0AB6-44EF-B9AD-CB4C333343A6}.Release|x86.Build.0 = Release|Any CPU
		{BC1A9545-5E71-45FD-B5DD-BA1F68B41A86}.Debug|Any CPU.ActiveCfg = Debug|Any CPU
		{BC1A9545-5E71-45FD-B5DD-BA1F68B41A86}.Debug|Any CPU.Build.0 = Debug|Any CPU
		{BC1A9545-5E71-45FD-B5DD-BA1F68B41A86}.Debug|x64.ActiveCfg = Debug|Any CPU
		{BC1A9545-5E71-45FD-B5DD-BA1F68B41A86}.Debug|x64.Build.0 = Debug|Any CPU
		{BC1A9545-5E71-45FD-B5DD-BA1F68B41A86}.Debug|x86.ActiveCfg = Debug|Any CPU
		{BC1A9545-5E71-45FD-B5DD-BA1F68B41A86}.Debug|x86.Build.0 = Debug|Any CPU
		{BC1A9545-5E71-45FD-B5DD-BA1F68B41A86}.Release|Any CPU.ActiveCfg = Release|Any CPU
		{BC1A9545-5E71-45FD-B5DD-BA1F68B41A86}.Release|Any CPU.Build.0 = Release|Any CPU
		{BC1A9545-5E71-45FD-B5DD-BA1F68B41A86}.Release|x64.ActiveCfg = Release|Any CPU
		{BC1A9545-5E71-45FD-B5DD-BA1F68B41A86}.Release|x64.Build.0 = Release|Any CPU
		{BC1A9545-5E71-45FD-B5DD-BA1F68B41A86}.Release|x86.ActiveCfg = Release|Any CPU
		{BC1A9545-5E71-45FD-B5DD-BA1F68B41A86}.Release|x86.Build.0 = Release|Any CPU
		{B0F5ADDC-7B84-4F41-B030-000654ED7967}.Debug|Any CPU.ActiveCfg = Debug|Any CPU
		{B0F5ADDC-7B84-4F41-B030-000654ED7967}.Debug|Any CPU.Build.0 = Debug|Any CPU
		{B0F5ADDC-7B84-4F41-B030-000654ED7967}.Debug|x64.ActiveCfg = Debug|Any CPU
		{B0F5ADDC-7B84-4F41-B030-000654ED7967}.Debug|x64.Build.0 = Debug|Any CPU
		{B0F5ADDC-7B84-4F41-B030-000654ED7967}.Debug|x86.ActiveCfg = Debug|Any CPU
		{B0F5ADDC-7B84-4F41-B030-000654ED7967}.Debug|x86.Build.0 = Debug|Any CPU
		{B0F5ADDC-7B84-4F41-B030-000654ED7967}.Release|Any CPU.ActiveCfg = Release|Any CPU
		{B0F5ADDC-7B84-4F41-B030-000654ED7967}.Release|Any CPU.Build.0 = Release|Any CPU
		{B0F5ADDC-7B84-4F41-B030-000654ED7967}.Release|x64.ActiveCfg = Release|Any CPU
		{B0F5ADDC-7B84-4F41-B030-000654ED7967}.Release|x64.Build.0 = Release|Any CPU
		{B0F5ADDC-7B84-4F41-B030-000654ED7967}.Release|x86.ActiveCfg = Release|Any CPU
		{B0F5ADDC-7B84-4F41-B030-000654ED7967}.Release|x86.Build.0 = Release|Any CPU
		{A23D481E-15FB-404C-9DF1-CCD55B068D91}.Debug|Any CPU.ActiveCfg = Debug|Any CPU
		{A23D481E-15FB-404C-9DF1-CCD55B068D91}.Debug|Any CPU.Build.0 = Debug|Any CPU
		{A23D481E-15FB-404C-9DF1-CCD55B068D91}.Debug|x64.ActiveCfg = Debug|Any CPU
		{A23D481E-15FB-404C-9DF1-CCD55B068D91}.Debug|x64.Build.0 = Debug|Any CPU
		{A23D481E-15FB-404C-9DF1-CCD55B068D91}.Debug|x86.ActiveCfg = Debug|Any CPU
		{A23D481E-15FB-404C-9DF1-CCD55B068D91}.Debug|x86.Build.0 = Debug|Any CPU
		{A23D481E-15FB-404C-9DF1-CCD55B068D91}.Release|Any CPU.ActiveCfg = Release|Any CPU
		{A23D481E-15FB-404C-9DF1-CCD55B068D91}.Release|Any CPU.Build.0 = Release|Any CPU
		{A23D481E-15FB-404C-9DF1-CCD55B068D91}.Release|x64.ActiveCfg = Release|Any CPU
		{A23D481E-15FB-404C-9DF1-CCD55B068D91}.Release|x64.Build.0 = Release|Any CPU
		{A23D481E-15FB-404C-9DF1-CCD55B068D91}.Release|x86.ActiveCfg = Release|Any CPU
		{A23D481E-15FB-404C-9DF1-CCD55B068D91}.Release|x86.Build.0 = Release|Any CPU
		{E1B2C3D4-5678-90AB-CDEF-012345678901}.Debug|Any CPU.ActiveCfg = Debug|Any CPU
		{E1B2C3D4-5678-90AB-CDEF-012345678901}.Debug|Any CPU.Build.0 = Debug|Any CPU
		{E1B2C3D4-5678-90AB-CDEF-012345678901}.Debug|x64.ActiveCfg = Debug|Any CPU
		{E1B2C3D4-5678-90AB-CDEF-012345678901}.Debug|x64.Build.0 = Debug|Any CPU
		{E1B2C3D4-5678-90AB-CDEF-012345678901}.Debug|x86.ActiveCfg = Debug|Any CPU
		{E1B2C3D4-5678-90AB-CDEF-012345678901}.Debug|x86.Build.0 = Debug|Any CPU
		{E1B2C3D4-5678-90AB-CDEF-012345678901}.Release|Any CPU.ActiveCfg = Release|Any CPU
		{E1B2C3D4-5678-90AB-CDEF-012345678901}.Release|Any CPU.Build.0 = Release|Any CPU
		{E1B2C3D4-5678-90AB-CDEF-012345678901}.Release|x64.ActiveCfg = Release|Any CPU
		{E1B2C3D4-5678-90AB-CDEF-012345678901}.Release|x64.Build.0 = Release|Any CPU
		{E1B2C3D4-5678-90AB-CDEF-012345678901}.Release|x86.ActiveCfg = Release|Any CPU
		{E1B2C3D4-5678-90AB-CDEF-012345678901}.Release|x86.Build.0 = Release|Any CPU
		{F2C3D4E5-6789-01AB-CDEF-123456789012}.Debug|Any CPU.ActiveCfg = Debug|Any CPU
		{F2C3D4E5-6789-01AB-CDEF-123456789012}.Debug|Any CPU.Build.0 = Debug|Any CPU
		{F2C3D4E5-6789-01AB-CDEF-123456789012}.Debug|x64.ActiveCfg = Debug|Any CPU
		{F2C3D4E5-6789-01AB-CDEF-123456789012}.Debug|x64.Build.0 = Debug|Any CPU
		{F2C3D4E5-6789-01AB-CDEF-123456789012}.Debug|x86.ActiveCfg = Debug|Any CPU
		{F2C3D4E5-6789-01AB-CDEF-123456789012}.Debug|x86.Build.0 = Debug|Any CPU
		{F2C3D4E5-6789-01AB-CDEF-123456789012}.Release|Any CPU.ActiveCfg = Release|Any CPU
		{F2C3D4E5-6789-01AB-CDEF-123456789012}.Release|Any CPU.Build.0 = Release|Any CPU
		{F2C3D4E5-6789-01AB-CDEF-123456789012}.Release|x64.ActiveCfg = Release|Any CPU
		{F2C3D4E5-6789-01AB-CDEF-123456789012}.Release|x64.Build.0 = Release|Any CPU
		{F2C3D4E5-6789-01AB-CDEF-123456789012}.Release|x86.ActiveCfg = Release|Any CPU
		{F2C3D4E5-6789-01AB-CDEF-123456789012}.Release|x86.Build.0 = Release|Any CPU
		{D02FEE93-CAD8-416F-90F0-244C11AE1304}.Debug|Any CPU.ActiveCfg = Debug|Any CPU
		{D02FEE93-CAD8-416F-90F0-244C11AE1304}.Debug|Any CPU.Build.0 = Debug|Any CPU
		{D02FEE93-CAD8-416F-90F0-244C11AE1304}.Debug|x64.ActiveCfg = Debug|Any CPU
		{D02FEE93-CAD8-416F-90F0-244C11AE1304}.Debug|x64.Build.0 = Debug|Any CPU
		{D02FEE93-CAD8-416F-90F0-244C11AE1304}.Debug|x86.ActiveCfg = Debug|Any CPU
		{D02FEE93-CAD8-416F-90F0-244C11AE1304}.Debug|x86.Build.0 = Debug|Any CPU
		{D02FEE93-CAD8-416F-90F0-244C11AE1304}.Release|Any CPU.ActiveCfg = Release|Any CPU
		{D02FEE93-CAD8-416F-90F0-244C11AE1304}.Release|Any CPU.Build.0 = Release|Any CPU
		{D02FEE93-CAD8-416F-90F0-244C11AE1304}.Release|x64.ActiveCfg = Release|Any CPU
		{D02FEE93-CAD8-416F-90F0-244C11AE1304}.Release|x64.Build.0 = Release|Any CPU
		{D02FEE93-CAD8-416F-90F0-244C11AE1304}.Release|x86.ActiveCfg = Release|Any CPU
		{D02FEE93-CAD8-416F-90F0-244C11AE1304}.Release|x86.Build.0 = Release|Any CPU
	EndGlobalSection
	GlobalSection(SolutionProperties) = preSolution
		HideSolutionNode = FALSE
	EndGlobalSection
	GlobalSection(NestedProjects) = preSolution
		{F0B6B8BF-92B1-4949-A35F-053678349367} = {4F52FD11-658E-A102-6CD3-7D7C16FFA15B}
		{444922F0-55E7-446D-9D11-798BB6785F63} = {4F52FD11-658E-A102-6CD3-7D7C16FFA15B}
		{CEAC0979-DAB2-0E19-81EF-22AE32770578} = {CA253913-39DE-BFD0-C9A3-4B7EC6FBDF17}
		{428D413D-0AB9-4A44-8DEA-4DA83758DBCA} = {CEAC0979-DAB2-0E19-81EF-22AE32770578}
		{10DB9684-1A80-43E7-BC6F-E08A25EDDD57} = {CEAC0979-DAB2-0E19-81EF-22AE32770578}
		{3EBD2373-0D07-49D4-8AD5-7CFC7D2FB4B6} = {90DCE71B-4939-B80A-CE8C-85DE2210C7AC}
		{54393986-18C5-4B4A-A6C9-7C8FFE5C242F} = {74AAC13F-230C-588C-5568-D96188CD79F4}
		{B2650FB1-FAC8-43BD-9A9F-32E196C7115E} = {0AB3BF05-4346-4AA6-1389-037BE0695223}
		{C1FE6300-95AB-E01C-D733-4A87EDC978EC} = {CA253913-39DE-BFD0-C9A3-4B7EC6FBDF17}
		{4FD49D92-C920-4F16-B787-A2FF908C5B45} = {C1FE6300-95AB-E01C-D733-4A87EDC978EC}
		{3BA392C4-5CAA-4BE2-A93E-D78DEB14F6CC} = {C1FE6300-95AB-E01C-D733-4A87EDC978EC}
		{B2E6B45D-AA7F-5032-B1D9-CB56D348C2F5} = {CA253913-39DE-BFD0-C9A3-4B7EC6FBDF17}
		{21D5D718-0AB6-44EF-B9AD-CB4C333343A6} = {B2E6B45D-AA7F-5032-B1D9-CB56D348C2F5}
		{BC1A9545-5E71-45FD-B5DD-BA1F68B41A86} = {B2E6B45D-AA7F-5032-B1D9-CB56D348C2F5}
		{38C1AB8D-0191-F593-EB5D-111F98BD1BED} = {CA253913-39DE-BFD0-C9A3-4B7EC6FBDF17}
		{B0F5ADDC-7B84-4F41-B030-000654ED7967} = {38C1AB8D-0191-F593-EB5D-111F98BD1BED}
		{A23D481E-15FB-404C-9DF1-CCD55B068D91} = {38C1AB8D-0191-F593-EB5D-111F98BD1BED}
		{D7B3A9E1-1234-4567-ABCD-EF0123456789} = {CA253913-39DE-BFD0-C9A3-4B7EC6FBDF17}
		{E1B2C3D4-5678-90AB-CDEF-012345678901} = {D7B3A9E1-1234-4567-ABCD-EF0123456789}
		{F2C3D4E5-6789-01AB-CDEF-123456789012} = {D7B3A9E1-1234-4567-ABCD-EF0123456789}
		{D02FEE93-CAD8-416F-90F0-244C11AE1304} = {0AB3BF05-4346-4AA6-1389-037BE0695223}
	EndGlobalSection
EndGlobal
