
Microsoft Visual Studio Solution File, Format Version 12.00
# Visual Studio Version 18
VisualStudioVersion = 18.0.11205.157 d18.0
MinimumVisualStudioVersion = 10.0.40219.1
Project("{2150E333-8FDC-42A3-9474-1A3956D46DE8}") = "Shared", "Shared", "{4F52FD11-658E-A102-6CD3-7D7C16FFA15B}"
EndProject
Project("{FAE04EC0-301F-11D3-BF4B-00C04F79EFBC}") = "Vetolib.Shared.Kernel", "Shared\Vetolib.Shared.Kernel\Vetolib.Shared.Kernel.csproj", "{F0B6B8BF-92B1-4949-A35F-053678349367}"
EndProject
Project("{FAE04EC0-301F-11D3-BF4B-00C04F79EFBC}") = "Vetolib.Shared.Infrastructure", "Shared\Vetolib.Shared.Infrastructure\Vetolib.Shared.Infrastructure.csproj", "{444922F0-55E7-446D-9D11-798BB6785F63}"
EndProject
Project("{2150E333-8FDC-42A3-9474-1A3956D46DE8}") = "Modules", "Modules", "{CA253913-39DE-BFD0-C9A3-4B7EC6FBDF17}"
EndProject
Project("{2150E333-8FDC-42A3-9474-1A3956D46DE8}") = "Auth", "Auth", "{CEAC0979-DAB2-0E19-81EF-22AE32770578}"
EndProject
Project("{FAE04EC0-301F-11D3-BF4B-00C04F79EFBC}") = "Vetolib.Auth.Contracts", "Modules\Auth\Vetolib.Auth.Contracts\Vetolib.Auth.Contracts.csproj", "{428D413D-0AB9-4A44-8DEA-4DA83758DBCA}"
EndProject
Project("{FAE04EC0-301F-11D3-BF4B-00C04F79EFBC}") = "Vetolib.Auth", "Modules\Auth\Vetolib.Auth\Vetolib.Auth.csproj", "{10DB9684-1A80-43E7-BC6F-E08A25EDDD57}"
EndProject
Project("{FAE04EC0-301F-11D3-BF4B-00C04F79EFBC}") = "Vetolib.Api", "Vetolib.Api\Vetolib.Api.csproj", "{F8C9DE4C-802A-4248-AA63-E6BC51411A74}"
EndProject
Project("{FAE04EC0-301F-11D3-BF4B-00C04F79EFBC}") = "Vetolib.AppHost", "AppHost\Vetolib.AppHost.csproj", "{3EBD2373-0D07-49D4-8AD5-7CFC7D2FB4B6}"
EndProject
Project("{2150E333-8FDC-42A3-9474-1A3956D46DE8}") = "ServiceDefaults", "ServiceDefaults", "{74AAC13F-230C-588C-5568-D96188CD79F4}"
EndProject
Project("{FAE04EC0-301F-11D3-BF4B-00C04F79EFBC}") = "Vetolib.ServiceDefaults", "ServiceDefaults\Vetolib.ServiceDefaults.csproj", "{54393986-18C5-4B4A-A6C9-7C8FFE5C242F}"
EndProject
Project("{2150E333-8FDC-42A3-9474-1A3956D46DE8}") = "tests", "tests", "{0AB3BF05-4346-4AA6-1389-037BE0695223}"
EndProject
Project("{FAE04EC0-301F-11D3-BF4B-00C04F79EFBC}") = "Vetolib.Tests.Acceptance", "..\..\tests\Vetolib.Tests.Acceptance\Vetolib.Tests.Acceptance.csproj", "{B2650FB1-FAC8-43BD-9A9F-32E196C7115E}"
EndProject
Project("{2150E333-8FDC-42A3-9474-1A3956D46DE8}") = "Agenda", "Agenda", "{C1FE6300-95AB-E01C-D733-4A87EDC978EC}"
EndProject
Project("{FAE04EC0-301F-11D3-BF4B-00C04F79EFBC}") = "Vetolib.Agenda.Contracts", "Modules\Agenda\Vetolib.Agenda.Contracts\Vetolib.Agenda.Contracts.csproj", "{4FD49D92-C920-4F16-B787-A2FF908C5B45}"
EndProject
Project("{FAE04EC0-301F-11D3-BF4B-00C04F79EFBC}") = "Vetolib.Agenda", "Modules\Agenda\Vetolib.Agenda\Vetolib.Agenda.csproj", "{3BA392C4-5CAA-4BE2-A93E-D78DEB14F6CC}"
EndProject
Project("{2150E333-8FDC-42A3-9474-1A3956D46DE8}") = "MedicalRecords", "MedicalRecords", "{B2E6B45D-AA7F-5032-B1D9-CB56D348C2F5}"
EndProject
Project("{FAE04EC0-301F-11D3-BF4B-00C04F79EFBC}") = "Vetolib.MedicalRecords.Contracts", "Modules\MedicalRecords\Vetolib.MedicalRecords.Contracts\Vetolib.MedicalRecords.Contracts.csproj", "{21D5D718-0AB6-44EF-B9AD-CB4C333343A6}"
EndProject
Project("{FAE04EC0-301F-11D3-BF4B-00C04F79EFBC}") = "Vetolib.MedicalRecords", "Modules\MedicalRecords\Vetolib.MedicalRecords\Vetolib.MedicalRecords.csproj", "{BC1A9545-5E71-45FD-B5DD-BA1F68B41A86}"
EndProject
Project("{2150E333-8FDC-42A3-9474-1A3956D46DE8}") = "Billing", "Billing", "{38C1AB8D-0191-F593-EB5D-111F98BD1BED}"
EndProject
Project("{FAE04EC0-301F-11D3-BF4B-00C04F79EFBC}") = "Vetolib.Billing.Contracts", "Modules\Billing\Vetolib.Billing.Contracts\Vetolib.Billing.Contracts.csproj", "{B0F5ADDC-7B84-4F41-B030-000654ED7967}"
EndProject
Project("{FAE04EC0-301F-11D3-BF4B-00C04F79EFBC}") = "Vetolib.Billing", "Modules\Billing\Vetolib.Billing\Vetolib.Billing.csproj", "{A23D481E-15FB-404C-9DF1-CCD55B068D91}"
EndProject
Project("{2150E333-8FDC-42A3-9474-1A3956D46DE8}") = "Notifications", "Notifications", "{D7B3A9E1-1234-4567-ABCD-EF0123456789}"
EndProject
Project("{FAE04EC0-301F-11D3-BF4B-00C04F79EFBC}") = "Vetolib.Notifications.Contracts", "Modules\Notifications\Vetolib.Notifications.Contracts\Vetolib.Notifications.Contracts.csproj", "{E1B2C3D4-5678-90AB-CDEF-012345678901}"
EndProject
Project("{FAE04EC0-301F-11D3-BF4B-00C04F79EFBC}") = "Vetolib.Notifications", "Modules\Notifications\Vetolib.Notifications\Vetolib.Notifications.csproj", "{F2C3D4E5-6789-01AB-CDEF-123456789012}"
EndProject
Project("{FAE04EC0-301F-11D3-BF4B-00C04F79EFBC}") = "Vetolib.Tests.Unit", "..\..\tests\Vetolib.Tests.Unit\Vetolib.Tests.Unit.csproj", "{D02FEE93-CAD8-416F-90F0-244C11AE1304}"
EndProject
Project("{2150E333-8FDC-42A3-9474-1A3956D46DE8}") = "Preferences", "Preferences", "{A1B2C3D4-E5F6-7890-ABCD-EF1234567890}"
EndProject
Project("{FAE04EC0-301F-11D3-BF4B-00C04F79EFBC}") = "Vetolib.Preferences.Contracts", "Modules\Preferences\Vetolib.Preferences.Contracts\Vetolib.Preferences.Contracts.csproj", "{B2C3D4E5-F6A7-8901-BCDE-F12345678901}"
EndProject
Project("{FAE04EC0-301F-11D3-BF4B-00C04F79EFBC}") = "Vetolib.Preferences", "Modules\Preferences\Vetolib.Preferences\Vetolib.Preferences.csproj", "{C3D4E5F6-A7B8-9012-CDEF-123456789012}"
EndProject
Project("{FAE04EC0-301F-11D3-BF4B-00C04F79EFBC}") = "Vetolib.Tests.Integration", "..\..\tests\Vetolib.Tests.Integration\Vetolib.Tests.Integration.csproj", "{F656467C-62C9-4143-9CE2-738A493964BC}"
EndProject
Project("{FAE04EC0-301F-11D3-BF4B-00C04F79EFBC}") = "Vetolib.Stock", "Modules\Stock\Vetolib.Stock\Vetolib.Stock.csproj", "{DFB9FE67-470A-4F2B-A938-E220FF73D000}"
EndProject
Project("{FAE04EC0-301F-11D3-BF4B-00C04F79EFBC}") = "Vetolib.Stock.Contracts", "Modules\Stock\Vetolib.Stock.Contracts\Vetolib.Stock.Contracts.csproj", "{4A80BAE3-ED23-450A-8799-3A7EC3246854}"
EndProject
Project("{FAE04EC0-301F-11D3-BF4B-00C04F79EFBC}") = "Vetolib.AI", "Modules\AI\Vetolib.AI\Vetolib.AI.csproj", "{29B2A9E8-E112-4AE8-A39B-7739CE7DA0EF}"
EndProject
Project("{FAE04EC0-301F-11D3-BF4B-00C04F79EFBC}") = "Vetolib.AI.Contracts", "Modules\AI\Vetolib.AI.Contracts\Vetolib.AI.Contracts.csproj", "{D8699F0E-8D66-4A26-B7C5-9D8B28104235}"
EndProject
Project("{FAE04EC0-301F-11D3-BF4B-00C04F79EFBC}") = "Vetolib.Messaging", "Modules\Messaging\Vetolib.Messaging\Vetolib.Messaging.csproj", "{EEAC74BA-3FDA-4605-90CC-8CA07ED4D4FC}"
EndProject
Project("{FAE04EC0-301F-11D3-BF4B-00C04F79EFBC}") = "Vetolib.Messaging.Contracts", "Modules\Messaging\Vetolib.Messaging.Contracts\Vetolib.Messaging.Contracts.csproj", "{BFC390C9-00F2-4EAF-8556-AF6959E1191E}"
EndProject
Project("{2150E333-8FDC-42A3-9474-1A3956D46DE8}") = "AI", "AI", "{BCA352A3-7568-4940-A9DC-2E2052BC221D}"
EndProject
Project("{2150E333-8FDC-42A3-9474-1A3956D46DE8}") = "Messaging", "Messaging", "{97E66AA6-B9C1-41C2-AFE0-5AFEEC60D77D}"
EndProject
Project("{2150E333-8FDC-42A3-9474-1A3956D46DE8}") = "Stock", "Stock", "{F9B9BE15-AF2B-4285-BECB-1BB7C13CC4E0}"
EndProject
Project("{2150E333-8FDC-42A3-9474-1A3956D46DE8}") = "Breeding", "Breeding", "{A1E2F3D4-B5C6-7890-ABCD-BREEDING0001}"
EndProject
Project("{FAE04EC0-301F-11D3-BF4B-00C04F79EFBC}") = "Vetolib.Breeding.Contracts", "Modules\Breeding\Vetolib.Breeding.Contracts\Vetolib.Breeding.Contracts.csproj", "{A2E3F4D5-B6C7-8901-BCDE-BREEDING0002}"
EndProject
Project("{FAE04EC0-301F-11D3-BF4B-00C04F79EFBC}") = "Vetolib.Breeding", "Modules\Breeding\Vetolib.Breeding\Vetolib.Breeding.csproj", "{A3E4F5D6-B7C8-9012-CDEF-BREEDING0003}"
EndProject
Project("{2150E333-8FDC-42A3-9474-1A3956D46DE8}") = "src", "src", "{029464C1-34C4-4599-9097-DB23674E44B9}"
EndProject
Global
	GlobalSection(SolutionConfigurationPlatforms) = preSolution
		Debug|Any CPU = Debug|Any CPU
		Debug|x64 = Debug|x64
		Debug|x86 = Debug|x86
		Release|Any CPU = Release|Any CPU
		Release|x64 = Release|x64
		Release|x86 = Release|x86
	EndGlobalSection
	GlobalSection(ProjectConfigurationPlatforms) = postSolution
		{F0B6B8BF-92B1-4949-A35F-053678349367}.Debug|Any CPU.ActiveCfg = Debug|Any CPU
		{F0B6B8BF-92B1-4949-A35F-053678349367}.Debug|Any CPU.Build.0 = Debug|Any CPU
		{F0B6B8BF-92B1-4949-A35F-053678349367}.Debug|x64.ActiveCfg = Debug|Any CPU
		{F0B6B8BF-92B1-4949-A35F-053678349367}.Debug|x64.Build.0 = Debug|Any CPU
		{F0B6B8BF-92B1-4949-A35F-053678349367}.Debug|x86.ActiveCfg = Debug|Any CPU
		{F0B6B8BF-92B1-4949-A35F-053678349367}.Debug|x86.Build.0 = Debug|Any CPU
		{F0B6B8BF-92B1-4949-A35F-053678349367}.Release|Any CPU.ActiveCfg = Release|Any CPU
		{F0B6B8BF-92B1-4949-A35F-053678349367}.Release|Any CPU.Build.0 = Release|Any CPU
		{F0B6B8BF-92B1-4949-A35F-053678349367}.Release|x64.ActiveCfg = Release|Any CPU
		{F0B6B8BF-92B1-4949-A35F-053678349367}.Release|x64.Build.0 = Release|Any CPU
		{F0B6B8BF-92B1-4949-A35F-053678349367}.Release|x86.ActiveCfg = Release|Any CPU
		{F0B6B8BF-92B1-4949-A35F-053678349367}.Release|x86.Build.0 = Release|Any CPU
		{444922F0-55E7-446D-9D11-798BB6785F63}.Debug|Any CPU.ActiveCfg = Debug|Any CPU
		{444922F0-55E7-446D-9D11-798BB6785F63}.Debug|Any CPU.Build.0 = Debug|Any CPU
		{444922F0-55E7-446D-9D11-798BB6785F63}.Debug|x64.ActiveCfg = Debug|Any CPU
		{444922F0-55E7-446D-9D11-798BB6785F63}.Debug|x64.Build.0 = Debug|Any CPU
		{444922F0-55E7-446D-9D11-798BB6785F63}.Debug|x86.ActiveCfg = Debug|Any CPU
		{444922F0-55E7-446D-9D11-798BB6785F63}.Debug|x86.Build.0 = Debug|Any CPU
		{444922F0-55E7-446D-9D11-798BB6785F63}.Release|Any CPU.ActiveCfg = Release|Any CPU
		{444922F0-55E7-446D-9D11-798BB6785F63}.Release|Any CPU.Build.0 = Release|Any CPU
		{444922F0-55E7-446D-9D11-798BB6785F63}.Release|x64.ActiveCfg = Release|Any CPU
		{444922F0-55E7-446D-9D11-798BB6785F63}.Release|x64.Build.0 = Release|Any CPU
		{444922F0-55E7-446D-9D11-798BB6785F63}.Release|x86.ActiveCfg = Release|Any CPU
		{444922F0-55E7-446D-9D11-798BB6785F63}.Release|x86.Build.0 = Release|Any CPU
		{428D413D-0AB9-4A44-8DEA-4DA83758DBCA}.Debug|Any CPU.ActiveCfg = Debug|Any CPU
		{428D413D-0AB9-4A44-8DEA-4DA83758DBCA}.Debug|Any CPU.Build.0 = Debug|Any CPU
		{428D413D-0AB9-4A44-8DEA-4DA83758DBCA}.Debug|x64.ActiveCfg = Debug|Any CPU
		{428D413D-0AB9-4A44-8DEA-4DA83758DBCA}.Debug|x64.Build.0 = Debug|Any CPU
		{428D413D-0AB9-4A44-8DEA-4DA83758DBCA}.Debug|x86.ActiveCfg = Debug|Any CPU
		{428D413D-0AB9-4A44-8DEA-4DA83758DBCA}.Debug|x86.Build.0 = Debug|Any CPU
		{428D413D-0AB9-4A44-8DEA-4DA83758DBCA}.Release|Any CPU.ActiveCfg = Release|Any CPU
		{428D413D-0AB9-4A44-8DEA-4DA83758DBCA}.Release|Any CPU.Build.0 = Release|Any CPU
		{428D413D-0AB9-4A44-8DEA-4DA83758DBCA}.Release|x64.ActiveCfg = Release|Any CPU
		{428D413D-0AB9-4A44-8DEA-4DA83758DBCA}.Release|x64.Build.0 = Release|Any CPU
		{428D413D-0AB9-4A44-8DEA-4DA83758DBCA}.Release|x86.ActiveCfg = Release|Any CPU
		{428D413D-0AB9-4A44-8DEA-4DA83758DBCA}.Release|x86.Build.0 = Release|Any CPU
		{10DB9684-1A80-43E7-BC6F-E08A25EDDD57}.Debug|Any CPU.ActiveCfg = Debug|Any CPU
		{10DB9684-1A80-43E7-BC6F-E08A25EDDD57}.Debug|Any CPU.Build.0 = Debug|Any CPU
		{10DB9684-1A80-43E7-BC6F-E08A25EDDD57}.Debug|x64.ActiveCfg = Debug|Any CPU
		{10DB9684-1A80-43E7-BC6F-E08A25EDDD57}.Debug|x64.Build.0 = Debug|Any CPU
		{10DB9684-1A80-43E7-BC6F-E08A25EDDD57}.Debug|x86.ActiveCfg = Debug|Any CPU
		{10DB9684-1A80-43E7-BC6F-E08A25EDDD57}.Debug|x86.Build.0 = Debug|Any CPU
		{10DB9684-1A80-43E7-BC6F-E08A25EDDD57}.Release|Any CPU.ActiveCfg = Release|Any CPU
		{10DB9684-1A80-43E7-BC6F-E08A25EDDD57}.Release|Any CPU.Build.0 = Release|Any CPU
		{10DB9684-1A80-43E7-BC6F-E08A25EDDD57}.Release|x64.ActiveCfg = Release|Any CPU
		{10DB9684-1A80-43E7-BC6F-E08A25EDDD57}.Release|x64.Build.0 = Release|Any CPU
		{10DB9684-1A80-43E7-BC6F-E08A25EDDD57}.Release|x86.ActiveCfg = Release|Any CPU
		{10DB9684-1A80-43E7-BC6F-E08A25EDDD57}.Release|x86.Build.0 = Release|Any CPU
		{F8C9DE4C-802A-4248-AA63-E6BC51411A74}.Debug|Any CPU.ActiveCfg = Debug|Any CPU
		{F8C9DE4C-802A-4248-AA63-E6BC51411A74}.Debug|Any CPU.Build.0 = Debug|Any CPU
		{F8C9DE4C-802A-4248-AA63-E6BC51411A74}.Debug|x64.ActiveCfg = Debug|Any CPU
		{F8C9DE4C-802A-4248-AA63-E6BC51411A74}.Debug|x64.Build.0 = Debug|Any CPU
		{F8C9DE4C-802A-4248-AA63-E6BC51411A74}.Debug|x86.ActiveCfg = Debug|Any CPU
		{F8C9DE4C-802A-4248-AA63-E6BC51411A74}.Debug|x86.Build.0 = Debug|Any CPU
		{F8C9DE4C-802A-4248-AA63-E6BC51411A74}.Release|Any CPU.ActiveCfg = Release|Any CPU
		{F8C9DE4C-802A-4248-AA63-E6BC51411A74}.Release|Any CPU.Build.0 = Release|Any CPU
		{F8C9DE4C-802A-4248-AA63-E6BC51411A74}.Release|x64.ActiveCfg = Release|Any CPU
		{F8C9DE4C-802A-4248-AA63-E6BC51411A74}.Release|x64.Build.0 = Release|Any CPU
		{F8C9DE4C-802A-4248-AA63-E6BC51411A74}.Release|x86.ActiveCfg = Release|Any CPU
		{F8C9DE4C-802A-4248-AA63-E6BC51411A74}.Release|x86.Build.0 = Release|Any CPU
		{3EBD2373-0D07-49D4-8AD5-7CFC7D2FB4B6}.Debug|Any CPU.ActiveCfg = Debug|Any CPU
		{3EBD2373-0D07-49D4-8AD5-7CFC7D2FB4B6}.Debug|Any CPU.Build.0 = Debug|Any CPU
		{3EBD2373-0D07-49D4-8AD5-7CFC7D2FB4B6}.Debug|x64.ActiveCfg = Debug|Any CPU
		{3EBD2373-0D07-49D4-8AD5-7CFC7D2FB4B6}.Debug|x64.Build.0 = Debug|Any CPU
		{3EBD2373-0D07-49D4-8AD5-7CFC7D2FB4B6}.Debug|x86.ActiveCfg = Debug|Any CPU
		{3EBD2373-0D07-49D4-8AD5-7CFC7D2FB4B6}.Debug|x86.Build.0 = Debug|Any CPU
		{3EBD2373-0D07-49D4-8AD5-7CFC7D2FB4B6}.Release|Any CPU.ActiveCfg = Release|Any CPU
		{3EBD2373-0D07-49D4-8AD5-7CFC7D2FB4B6}.Release|Any CPU.Build.0 = Release|Any CPU
		{3EBD2373-0D07-49D4-8AD5-7CFC7D2FB4B6}.Release|x64.ActiveCfg = Release|Any CPU
		{3EBD2373-0D07-49D4-8AD5-7CFC7D2FB4B6}.Release|x64.Build.0 = Release|Any CPU
		{3EBD2373-0D07-49D4-8AD5-7CFC7D2FB4B6}.Release|x86.ActiveCfg = Release|Any CPU
		{3EBD2373-0D07-49D4-8AD5-7CFC7D2FB4B6}.Release|x86.Build.0 = Release|Any CPU
		{54393986-18C5-4B4A-A6C9-7C8FFE5C242F}.Debug|Any CPU.ActiveCfg = Debug|Any CPU
		{54393986-18C5-4B4A-A6C9-7C8FFE5C242F}.Debug|Any CPU.Build.0 = Debug|Any CPU
		{54393986-18C5-4B4A-A6C9-7C8FFE5C242F}.Debug|x64.ActiveCfg = Debug|Any CPU
		{54393986-18C5-4B4A-A6C9-7C8FFE5C242F}.Debug|x64.Build.0 = Debug|Any CPU
		{54393986-18C5-4B4A-A6C9-7C8FFE5C242F}.Debug|x86.ActiveCfg = Debug|Any CPU
		{54393986-18C5-4B4A-A6C9-7C8FFE5C242F}.Debug|x86.Build.0 = Debug|Any CPU
		{54393986-18C5-4B4A-A6C9-7C8FFE5C242F}.Release|Any CPU.ActiveCfg = Release|Any CPU
		{54393986-18C5-4B4A-A6C9-7C8FFE5C242F}.Release|Any CPU.Build.0 = Release|Any CPU
		{54393986-18C5-4B4A-A6C9-7C8FFE5C242F}.Release|x64.ActiveCfg = Release|Any CPU
		{54393986-18C5-4B4A-A6C9-7C8FFE5C242F}.Release|x64.Build.0 = Release|Any CPU
		{54393986-18C5-4B4A-A6C9-7C8FFE5C242F}.Release|x86.ActiveCfg = Release|Any CPU
		{54393986-18C5-4B4A-A6C9-7C8FFE5C242F}.Release|x86.Build.0 = Release|Any CPU
		{B2650FB1-FAC8-43BD-9A9F-32E196C7115E}.Debug|Any CPU.ActiveCfg = Debug|Any CPU
		{B2650FB1-FAC8-43BD-9A9F-32E196C7115E}.Debug|Any CPU.Build.0 = Debug|Any CPU
		{B2650FB1-FAC8-43BD-9A9F-32E196C7115E}.Debug|x64.ActiveCfg = Debug|Any CPU
		{B2650FB1-FAC8-43BD-9A9F-32E196C7115E}.Debug|x64.Build.0 = Debug|Any CPU
		{B2650FB1-FAC8-43BD-9A9F-32E196C7115E}.Debug|x86.ActiveCfg = Debug|Any CPU
		{B2650FB1-FAC8-43BD-9A9F-32E196C7115E}.Debug|x86.Build.0 = Debug|Any CPU
		{B2650FB1-FAC8-43BD-9A9F-32E196C7115E}.Release|Any CPU.ActiveCfg = Release|Any CPU
		{B2650FB1-FAC8-43BD-9A9F-32E196C7115E}.Release|Any CPU.Build.0 = Release|Any CPU
		{B2650FB1-FAC8-43BD-9A9F-32E196C7115E}.Release|x64.ActiveCfg = Release|Any CPU
		{B2650FB1-FAC8-43BD-9A9F-32E196C7115E}.Release|x64.Build.0 = Release|Any CPU
		{B2650FB1-FAC8-43BD-9A9F-32E196C7115E}.Release|x86.ActiveCfg = Release|Any CPU
		{B2650FB1-FAC8-43BD-9A9F-32E196C7115E}.Release|x86.Build.0 = Release|Any CPU
		{4FD49D92-C920-4F16-B787-A2FF908C5B45}.Debug|Any CPU.ActiveCfg = Debug|Any CPU
		{4FD49D92-C920-4F16-B787-A2FF908C5B45}.Debug|Any CPU.Build.0 = Debug|Any CPU
		{4FD49D92-C920-4F16-B787-A2FF908C5B45}.Debug|x64.ActiveCfg = Debug|Any CPU
		{4FD49D92-C920-4F16-B787-A2FF908C5B45}.Debug|x64.Build.0 = Debug|Any CPU
		{4FD49D92-C920-4F16-B787-A2FF908C5B45}.Debug|x86.ActiveCfg = Debug|Any CPU
		{4FD49D92-C920-4F16-B787-A2FF908C5B45}.Debug|x86.Build.0 = Debug|Any CPU
		{4FD49D92-C920-4F16-B787-A2FF908C5B45}.Release|Any CPU.ActiveCfg = Release|Any CPU
		{4FD49D92-C920-4F16-B787-A2FF908C5B45}.Release|Any CPU.Build.0 = Release|Any CPU
		{4FD49D92-C920-4F16-B787-A2FF908C5B45}.Release|x64.ActiveCfg = Release|Any CPU
		{4FD49D92-C920-4F16-B787-A2FF908C5B45}.Release|x64.Build.0 = Release|Any CPU
		{4FD49D92-C920-4F16-B787-A2FF908C5B45}.Release|x86.ActiveCfg = Release|Any CPU
		{4FD49D92-C920-4F16-B787-A2FF908C5B45}.Release|x86.Build.0 = Release|Any CPU
		{3BA392C4-5CAA-4BE2-A93E-D78DEB14F6CC}.Debug|Any CPU.ActiveCfg = Debug|Any CPU
		{3BA392C4-5CAA-4BE2-A93E-D78DEB14F6CC}.Debug|Any CPU.Build.0 = Debug|Any CPU
		{3BA392C4-5CAA-4BE2-A93E-D78DEB14F6CC}.Debug|x64.ActiveCfg = Debug|Any CPU
		{3BA392C4-5CAA-4BE2-A93E-D78DEB14F6CC}.Debug|x64.Build.0 = Debug|Any CPU
		{3BA392C4-5CAA-4BE2-A93E-D78DEB14F6CC}.Debug|x86.ActiveCfg = Debug|Any CPU
		{3BA392C4-5CAA-4BE2-A93E-D78DEB14F6CC}.Debug|x86.Build.0 = Debug|Any CPU
		{3BA392C4-5CAA-4BE2-A93E-D78DEB14F6CC}.Release|Any CPU.ActiveCfg = Release|Any CPU
		{3BA392C4-5CAA-4BE2-A93E-D78DEB14F6CC}.Release|Any CPU.Build.0 = Release|Any CPU
		{3BA392C4-5CAA-4BE2-A93E-D78DEB14F6CC}.Release|x64.ActiveCfg = Release|Any CPU
		{3BA392C4-5CAA-4BE2-A93E-D78DEB14F6CC}.Release|x64.Build.0 = Release|Any CPU
		{3BA392C4-5CAA-4BE2-A93E-D78DEB14F6CC}.Release|x86.ActiveCfg = Release|Any CPU
		{3BA392C4-5CAA-4BE2-A93E-D78DEB14F6CC}.Release|x86.Build.0 = Release|Any CPU
		{21D5D718-0AB6-44EF-B9AD-CB4C333343A6}.Debug|Any CPU.ActiveCfg = Debug|Any CPU
		{21D5D718-0AB6-44EF-B9AD-CB4C333343A6}.Debug|Any CPU.Build.0 = Debug|Any CPU
		{21D5D718-0AB6-44EF-B9AD-CB4C333343A6}.Debug|x64.ActiveCfg = Debug|Any CPU
		{21D5D718-0AB6-44EF-B9AD-CB4C333343A6}.Debug|x64.Build.0 = Debug|Any CPU
		{21D5D718-0AB6-44EF-B9AD-CB4C333343A6}.Debug|x86.ActiveCfg = Debug|Any CPU
		{21D5D718-0AB6-44EF-B9AD-CB4C333343A6}.Debug|x86.Build.0 = Debug|Any CPU
		{21D5D718-0AB6-44EF-B9AD-CB4C333343A6}.Release|Any CPU.ActiveCfg = Release|Any CPU
		{21D5D718-0AB6-44EF-B9AD-CB4C333343A6}.Release|Any CPU.Build.0 = Release|Any CPU
		{21D5D718-0AB6-44EF-B9AD-CB4C333343A6}.Release|x64.ActiveCfg = Release|Any CPU
		{21D5D718-0AB6-44EF-B9AD-CB4C333343A6}.Release|x64.Build.0 = Release|Any CPU
		{21D5D718-0AB6-44EF-B9AD-CB4C333343A6}.Release|x86.ActiveCfg = Release|Any CPU
		{21D5D718-0AB6-44EF-B9AD-CB4C333343A6}.Release|x86.Build.0 = Release|Any CPU
		{BC1A9545-5E71-45FD-B5DD-BA1F68B41A86}.Debug|Any CPU.ActiveCfg = Debug|Any CPU
		{BC1A9545-5E71-45FD-B5DD-BA1F68B41A86}.Debug|Any CPU.Build.0 = Debug|Any CPU
		{BC1A9545-5E71-45FD-B5DD-BA1F68B41A86}.Debug|x64.ActiveCfg = Debug|Any CPU
		{BC1A9545-5E71-45FD-B5DD-BA1F68B41A86}.Debug|x64.Build.0 = Debug|Any CPU
		{BC1A9545-5E71-45FD-B5DD-BA1F68B41A86}.Debug|x86.ActiveCfg = Debug|Any CPU
		{BC1A9545-5E71-45FD-B5DD-BA1F68B41A86}.Debug|x86.Build.0 = Debug|Any CPU
		{BC1A9545-5E71-45FD-B5DD-BA1F68B41A86}.Release|Any CPU.ActiveCfg = Release|Any CPU
		{BC1A9545-5E71-45FD-B5DD-BA1F68B41A86}.Release|Any CPU.Build.0 = Release|Any CPU
		{BC1A9545-5E71-45FD-B5DD-BA1F68B41A86}.Release|x64.ActiveCfg = Release|Any CPU
		{BC1A9545-5E71-45FD-B5DD-BA1F68B41A86}.Release|x64.Build.0 = Release|Any CPU
		{BC1A9545-5E71-45FD-B5DD-BA1F68B41A86}.Release|x86.ActiveCfg = Release|Any CPU
		{BC1A9545-5E71-45FD-B5DD-BA1F68B41A86}.Release|x86.Build.0 = Release|Any CPU
		{B0F5ADDC-7B84-4F41-B030-000654ED7967}.Debug|Any CPU.ActiveCfg = Debug|Any CPU
		{B0F5ADDC-7B84-4F41-B030-000654ED7967}.Debug|Any CPU.Build.0 = Debug|Any CPU
		{B0F5ADDC-7B84-4F41-B030-000654ED7967}.Debug|x64.ActiveCfg = Debug|Any CPU
		{B0F5ADDC-7B84-4F41-B030-000654ED7967}.Debug|x64.Build.0 = Debug|Any CPU
		{B0F5ADDC-7B84-4F41-B030-000654ED7967}.Debug|x86.ActiveCfg = Debug|Any CPU
		{B0F5ADDC-7B84-4F41-B030-000654ED7967}.Debug|x86.Build.0 = Debug|Any CPU
		{B0F5ADDC-7B84-4F41-B030-000654ED7967}.Release|Any CPU.ActiveCfg = Release|Any CPU
		{B0F5ADDC-7B84-4F41-B030-000654ED7967}.Release|Any CPU.Build.0 = Release|Any CPU
		{B0F5ADDC-7B84-4F41-B030-000654ED7967}.Release|x64.ActiveCfg = Release|Any CPU
		{B0F5ADDC-7B84-4F41-B030-000654ED7967}.Release|x64.Build.0 = Release|Any CPU
		{B0F5ADDC-7B84-4F41-B030-000654ED7967}.Release|x86.ActiveCfg = Release|Any CPU
		{B0F5ADDC-7B84-4F41-B030-000654ED7967}.Release|x86.Build.0 = Release|Any CPU
		{A23D481E-15FB-404C-9DF1-CCD55B068D91}.Debug|Any CPU.ActiveCfg = Debug|Any CPU
		{A23D481E-15FB-404C-9DF1-CCD55B068D91}.Debug|Any CPU.Build.0 = Debug|Any CPU
		{A23D481E-15FB-404C-9DF1-CCD55B068D91}.Debug|x64.ActiveCfg = Debug|Any CPU
		{A23D481E-15FB-404C-9DF1-CCD55B068D91}.Debug|x64.Build.0 = Debug|Any CPU
		{A23D481E-15FB-404C-9DF1-CCD55B068D91}.Debug|x86.ActiveCfg = Debug|Any CPU
		{A23D481E-15FB-404C-9DF1-CCD55B068D91}.Debug|x86.Build.0 = Debug|Any CPU
		{A23D481E-15FB-404C-9DF1-CCD55B068D91}.Release|Any CPU.ActiveCfg = Release|Any CPU
		{A23D481E-15FB-404C-9DF1-CCD55B068D91}.Release|Any CPU.Build.0 = Release|Any CPU
		{A23D481E-15FB-404C-9DF1-CCD55B068D91}.Release|x64.ActiveCfg = Release|Any CPU
		{A23D481E-15FB-404C-9DF1-CCD55B068D91}.Release|x64.Build.0 = Release|Any CPU
		{A23D481E-15FB-404C-9DF1-CCD55B068D91}.Release|x86.ActiveCfg = Release|Any CPU
		{A23D481E-15FB-404C-9DF1-CCD55B068D91}.Release|x86.Build.0 = Release|Any CPU
		{E1B2C3D4-5678-90AB-CDEF-012345678901}.Debug|Any CPU.ActiveCfg = Debug|Any CPU
		{E1B2C3D4-5678-90AB-CDEF-012345678901}.Debug|Any CPU.Build.0 = Debug|Any CPU
		{E1B2C3D4-5678-90AB-CDEF-012345678901}.Debug|x64.ActiveCfg = Debug|Any CPU
		{E1B2C3D4-5678-90AB-CDEF-012345678901}.Debug|x64.Build.0 = Debug|Any CPU
		{E1B2C3D4-5678-90AB-CDEF-012345678901}.Debug|x86.ActiveCfg = Debug|Any CPU
		{E1B2C3D4-5678-90AB-CDEF-012345678901}.Debug|x86.Build.0 = Debug|Any CPU
		{E1B2C3D4-5678-90AB-CDEF-012345678901}.Release|Any CPU.ActiveCfg = Release|Any CPU
		{E1B2C3D4-5678-90AB-CDEF-012345678901}.Release|Any CPU.Build.0 = Release|Any CPU
		{E1B2C3D4-5678-90AB-CDEF-012345678901}.Release|x64.ActiveCfg = Release|Any CPU
		{E1B2C3D4-5678-90AB-CDEF-012345678901}.Release|x64.Build.0 = Release|Any CPU
		{E1B2C3D4-5678-90AB-CDEF-012345678901}.Release|x86.ActiveCfg = Release|Any CPU
		{E1B2C3D4-5678-90AB-CDEF-012345678901}.Release|x86.Build.0 = Release|Any CPU
		{F2C3D4E5-6789-01AB-CDEF-123456789012}.Debug|Any CPU.ActiveCfg = Debug|Any CPU
		{F2C3D4E5-6789-01AB-CDEF-123456789012}.Debug|Any CPU.Build.0 = Debug|Any CPU
		{F2C3D4E5-6789-01AB-CDEF-123456789012}.Debug|x64.ActiveCfg = Debug|Any CPU
		{F2C3D4E5-6789-01AB-CDEF-123456789012}.Debug|x64.Build.0 = Debug|Any CPU
		{F2C3D4E5-6789-01AB-CDEF-123456789012}.Debug|x86.ActiveCfg = Debug|Any CPU
		{F2C3D4E5-6789-01AB-CDEF-123456789012}.Debug|x86.Build.0 = Debug|Any CPU
		{F2C3D4E5-6789-01AB-CDEF-123456789012}.Release|Any CPU.ActiveCfg = Release|Any CPU
		{F2C3D4E5-6789-01AB-CDEF-123456789012}.Release|Any CPU.Build.0 = Release|Any CPU
		{F2C3D4E5-6789-01AB-CDEF-123456789012}.Release|x64.ActiveCfg = Release|Any CPU
		{F2C3D4E5-6789-01AB-CDEF-123456789012}.Release|x64.Build.0 = Release|Any CPU
		{F2C3D4E5-6789-01AB-CDEF-123456789012}.Release|x86.ActiveCfg = Release|Any CPU
		{F2C3D4E5-6789-01AB-CDEF-123456789012}.Release|x86.Build.0 = Release|Any CPU
		{D02FEE93-CAD8-416F-90F0-244C11AE1304}.Debug|Any CPU.ActiveCfg = Debug|Any CPU
		{D02FEE93-CAD8-416F-90F0-244C11AE1304}.Debug|Any CPU.Build.0 = Debug|Any CPU
		{D02FEE93-CAD8-416F-90F0-244C11AE1304}.Debug|x64.ActiveCfg = Debug|Any CPU
		{D02FEE93-CAD8-416F-90F0-244C11AE1304}.Debug|x64.Build.0 = Debug|Any CPU
		{D02FEE93-CAD8-416F-90F0-244C11AE1304}.Debug|x86.ActiveCfg = Debug|Any CPU
		{D02FEE93-CAD8-416F-90F0-244C11AE1304}.Debug|x86.Build.0 = Debug|Any CPU
		{D02FEE93-CAD8-416F-90F0-244C11AE1304}.Release|Any CPU.ActiveCfg = Release|Any CPU
		{D02FEE93-CAD8-416F-90F0-244C11AE1304}.Release|Any CPU.Build.0 = Release|Any CPU
		{D02FEE93-CAD8-416F-90F0-244C11AE1304}.Release|x64.ActiveCfg = Release|Any CPU
		{D02FEE93-CAD8-416F-90F0-244C11AE1304}.Release|x64.Build.0 = Release|Any CPU
		{D02FEE93-CAD8-416F-90F0-244C11AE1304}.Release|x86.ActiveCfg = Release|Any CPU
		{D02FEE93-CAD8-416F-90F0-244C11AE1304}.Release|x86.Build.0 = Release|Any CPU
		{B2C3D4E5-F6A7-8901-BCDE-F12345678901}.Debug|Any CPU.ActiveCfg = Debug|Any CPU
		{B2C3D4E5-F6A7-8901-BCDE-F12345678901}.Debug|Any CPU.Build.0 = Debug|Any CPU
		{B2C3D4E5-F6A7-8901-BCDE-F12345678901}.Debug|x64.ActiveCfg = Debug|Any CPU
		{B2C3D4E5-F6A7-8901-BCDE-F12345678901}.Debug|x64.Build.0 = Debug|Any CPU
		{B2C3D4E5-F6A7-8901-BCDE-F12345678901}.Debug|x86.ActiveCfg = Debug|Any CPU
		{B2C3D4E5-F6A7-8901-BCDE-F12345678901}.Debug|x86.Build.0 = Debug|Any CPU
		{B2C3D4E5-F6A7-8901-BCDE-F12345678901}.Release|Any CPU.ActiveCfg = Release|Any CPU
		{B2C3D4E5-F6A7-8901-BCDE-F12345678901}.Release|Any CPU.Build.0 = Release|Any CPU
		{B2C3D4E5-F6A7-8901-BCDE-F12345678901}.Release|x64.ActiveCfg = Release|Any CPU
		{B2C3D4E5-F6A7-8901-BCDE-F12345678901}.Release|x64.Build.0 = Release|Any CPU
		{B2C3D4E5-F6A7-8901-BCDE-F12345678901}.Release|x86.ActiveCfg = Release|Any CPU
		{B2C3D4E5-F6A7-8901-BCDE-F12345678901}.Release|x86.Build.0 = Release|Any CPU
		{C3D4E5F6-A7B8-9012-CDEF-123456789012}.Debug|Any CPU.ActiveCfg = Debug|Any CPU
		{C3D4E5F6-A7B8-9012-CDEF-123456789012}.Debug|Any CPU.Build.0 = Debug|Any CPU
		{C3D4E5F6-A7B8-9012-CDEF-123456789012}.Debug|x64.ActiveCfg = Debug|Any CPU
		{C3D4E5F6-A7B8-9012-CDEF-123456789012}.Debug|x64.Build.0 = Debug|Any CPU
		{C3D4E5F6-A7B8-9012-CDEF-123456789012}.Debug|x86.ActiveCfg = Debug|Any CPU
		{C3D4E5F6-A7B8-9012-CDEF-123456789012}.Debug|x86.Build.0 = Debug|Any CPU
		{C3D4E5F6-A7B8-9012-CDEF-123456789012}.Release|Any CPU.ActiveCfg = Release|Any CPU
		{C3D4E5F6-A7B8-9012-CDEF-123456789012}.Release|Any CPU.Build.0 = Release|Any CPU
		{C3D4E5F6-A7B8-9012-CDEF-123456789012}.Release|x64.ActiveCfg = Release|Any CPU
		{C3D4E5F6-A7B8-9012-CDEF-123456789012}.Release|x64.Build.0 = Release|Any CPU
		{C3D4E5F6-A7B8-9012-CDEF-123456789012}.Release|x86.ActiveCfg = Release|Any CPU
		{C3D4E5F6-A7B8-9012-CDEF-123456789012}.Release|x86.Build.0 = Release|Any CPU
		{F656467C-62C9-4143-9CE2-738A493964BC}.Debug|Any CPU.ActiveCfg = Debug|Any CPU
		{F656467C-62C9-4143-9CE2-738A493964BC}.Debug|Any CPU.Build.0 = Debug|Any CPU
		{F656467C-62C9-4143-9CE2-738A493964BC}.Debug|x64.ActiveCfg = Debug|Any CPU
		{F656467C-62C9-4143-9CE2-738A493964BC}.Debug|x64.Build.0 = Debug|Any CPU
		{F656467C-62C9-4143-9CE2-738A493964BC}.Debug|x86.ActiveCfg = Debug|Any CPU
		{F656467C-62C9-4143-9CE2-738A493964BC}.Debug|x86.Build.0 = Debug|Any CPU
		{F656467C-62C9-4143-9CE2-738A493964BC}.Release|Any CPU.ActiveCfg = Release|Any CPU
		{F656467C-62C9-4143-9CE2-738A493964BC}.Release|Any CPU.Build.0 = Release|Any CPU
		{F656467C-62C9-4143-9CE2-738A493964BC}.Release|x64.ActiveCfg = Release|Any CPU
		{F656467C-62C9-4143-9CE2-738A493964BC}.Release|x64.Build.0 = Release|Any CPU
		{F656467C-62C9-4143-9CE2-738A493964BC}.Release|x86.ActiveCfg = Release|Any CPU
		{F656467C-62C9-4143-9CE2-738A493964BC}.Release|x86.Build.0 = Release|Any CPU
		{DFB9FE67-470A-4F2B-A938-E220FF73D000}.Debug|Any CPU.ActiveCfg = Debug|Any CPU
		{DFB9FE67-470A-4F2B-A938-E220FF73D000}.Debug|Any CPU.Build.0 = Debug|Any CPU
		{DFB9FE67-470A-4F2B-A938-E220FF73D000}.Debug|x64.ActiveCfg = Debug|Any CPU
		{DFB9FE67-470A-4F2B-A938-E220FF73D000}.Debug|x64.Build.0 = Debug|Any CPU
		{DFB9FE67-470A-4F2B-A938-E220FF73D000}.Debug|x86.ActiveCfg = Debug|Any CPU
		{DFB9FE67-470A-4F2B-A938-E220FF73D000}.Debug|x86.Build.0 = Debug|Any CPU
		{DFB9FE67-470A-4F2B-A938-E220FF73D000}.Release|Any CPU.ActiveCfg = Release|Any CPU
		{DFB9FE67-470A-4F2B-A938-E220FF73D000}.Release|Any CPU.Build.0 = Release|Any CPU
		{DFB9FE67-470A-4F2B-A938-E220FF73D000}.Release|x64.ActiveCfg = Release|Any CPU
		{DFB9FE67-470A-4F2B-A938-E220FF73D000}.Release|x64.Build.0 = Release|Any CPU
		{DFB9FE67-470A-4F2B-A938-E220FF73D000}.Release|x86.ActiveCfg = Release|Any CPU
		{DFB9FE67-470A-4F2B-A938-E220FF73D000}.Release|x86.Build.0 = Release|Any CPU
		{4A80BAE3-ED23-450A-8799-3A7EC3246854}.Debug|Any CPU.ActiveCfg = Debug|Any CPU
		{4A80BAE3-ED23-450A-8799-3A7EC3246854}.Debug|Any CPU.Build.0 = Debug|Any CPU
		{4A80BAE3-ED23-450A-8799-3A7EC3246854}.Debug|x64.ActiveCfg = Debug|Any CPU
		{4A80BAE3-ED23-450A-8799-3A7EC3246854}.Debug|x64.Build.0 = Debug|Any CPU
		{4A80BAE3-ED23-450A-8799-3A7EC3246854}.Debug|x86.ActiveCfg = Debug|Any CPU
		{4A80BAE3-ED23-450A-8799-3A7EC3246854}.Debug|x86.Build.0 = Debug|Any CPU
		{4A80BAE3-ED23-450A-8799-3A7EC3246854}.Release|Any CPU.ActiveCfg = Release|Any CPU
		{4A80BAE3-ED23-450A-8799-3A7EC3246854}.Release|Any CPU.Build.0 = Release|Any CPU
		{4A80BAE3-ED23-450A-8799-3A7EC3246854}.Release|x64.ActiveCfg = Release|Any CPU
		{4A80BAE3-ED23-450A-8799-3A7EC3246854}.Release|x64.Build.0 = Release|Any CPU
		{4A80BAE3-ED23-450A-8799-3A7EC3246854}.Release|x86.ActiveCfg = Release|Any CPU
		{4A80BAE3-ED23-450A-8799-3A7EC3246854}.Release|x86.Build.0 = Release|Any CPU
		{29B2A9E8-E112-4AE8-A39B-7739CE7DA0EF}.Debug|Any CPU.ActiveCfg = Debug|Any CPU
		{29B2A9E8-E112-4AE8-A39B-7739CE7DA0EF}.Debug|Any CPU.Build.0 = Debug|Any CPU
		{29B2A9E8-E112-4AE8-A39B-7739CE7DA0EF}.Debug|x64.ActiveCfg = Debug|Any CPU
		{29B2A9E8-E112-4AE8-A39B-7739CE7DA0EF}.Debug|x64.Build.0 = Debug|Any CPU
		{29B2A9E8-E112-4AE8-A39B-7739CE7DA0EF}.Debug|x86.ActiveCfg = Debug|Any CPU
		{29B2A9E8-E112-4AE8-A39B-7739CE7DA0EF}.Debug|x86.Build.0 = Debug|Any CPU
		{29B2A9E8-E112-4AE8-A39B-7739CE7DA0EF}.Release|Any CPU.ActiveCfg = Release|Any CPU
		{29B2A9E8-E112-4AE8-A39B-7739CE7DA0EF}.Release|Any CPU.Build.0 = Release|Any CPU
		{29B2A9E8-E112-4AE8-A39B-7739CE7DA0EF}.Release|x64.ActiveCfg = Release|Any CPU
		{29B2A9E8-E112-4AE8-A39B-7739CE7DA0EF}.Release|x64.Build.0 = Release|Any CPU
		{29B2A9E8-E112-4AE8-A39B-7739CE7DA0EF}.Release|x86.ActiveCfg = Release|Any CPU
		{29B2A9E8-E112-4AE8-A39B-7739CE7DA0EF}.Release|x86.Build.0 = Release|Any CPU
		{D8699F0E-8D66-4A26-B7C5-9D8B28104235}.Debug|Any CPU.ActiveCfg = Debug|Any CPU
		{D8699F0E-8D66-4A26-B7C5-9D8B28104235}.Debug|Any CPU.Build.0 = Debug|Any CPU
		{D8699F0E-8D66-4A26-B7C5-9D8B28104235}.Debug|x64.ActiveCfg = Debug|Any CPU
		{D8699F0E-8D66-4A26-B7C5-9D8B28104235}.Debug|x64.Build.0 = Debug|Any CPU
		{D8699F0E-8D66-4A26-B7C5-9D8B28104235}.Debug|x86.ActiveCfg = Debug|Any CPU
		{D8699F0E-8D66-4A26-B7C5-9D8B28104235}.Debug|x86.Build.0 = Debug|Any CPU
		{D8699F0E-8D66-4A26-B7C5-9D8B28104235}.Release|Any CPU.ActiveCfg = Release|Any CPU
		{D8699F0E-8D66-4A26-B7C5-9D8B28104235}.Release|Any CPU.Build.0 = Release|Any CPU
		{D8699F0E-8D66-4A26-B7C5-9D8B28104235}.Release|x64.ActiveCfg = Release|Any CPU
		{D8699F0E-8D66-4A26-B7C5-9D8B28104235}.Release|x64.Build.0 = Release|Any CPU
		{D8699F0E-8D66-4A26-B7C5-9D8B28104235}.Release|x86.ActiveCfg = Release|Any CPU
		{D8699F0E-8D66-4A26-B7C5-9D8B28104235}.Release|x86.Build.0 = Release|Any CPU
		{EEAC74BA-3FDA-4605-90CC-8CA07ED4D4FC}.Debug|Any CPU.ActiveCfg = Debug|Any CPU
		{EEAC74BA-3FDA-4605-90CC-8CA07ED4D4FC}.Debug|Any CPU.Build.0 = Debug|Any CPU
		{EEAC74BA-3FDA-4605-90CC-8CA07ED4D4FC}.Debug|x64.ActiveCfg = Debug|Any CPU
		{EEAC74BA-3FDA-4605-90CC-8CA07ED4D4FC}.Debug|x64.Build.0 = Debug|Any CPU
		{EEAC74BA-3FDA-4605-90CC-8CA07ED4D4FC}.Debug|x86.ActiveCfg = Debug|Any CPU
		{EEAC74BA-3FDA-4605-90CC-8CA07ED4D4FC}.Debug|x86.Build.0 = Debug|Any CPU
		{EEAC74BA-3FDA-4605-90CC-8CA07ED4D4FC}.Release|Any CPU.ActiveCfg = Release|Any CPU
		{EEAC74BA-3FDA-4605-90CC-8CA07ED4D4FC}.Release|Any CPU.Build.0 = Release|Any CPU
		{EEAC74BA-3FDA-4605-90CC-8CA07ED4D4FC}.Release|x64.ActiveCfg = Release|Any CPU
		{EEAC74BA-3FDA-4605-90CC-8CA07ED4D4FC}.Release|x64.Build.0 = Release|Any CPU
		{EEAC74BA-3FDA-4605-90CC-8CA07ED4D4FC}.Release|x86.ActiveCfg = Release|Any CPU
		{EEAC74BA-3FDA-4605-90CC-8CA07ED4D4FC}.Release|x86.Build.0 = Release|Any CPU
		{BFC390C9-00F2-4EAF-8556-AF6959E1191E}.Debug|Any CPU.ActiveCfg = Debug|Any CPU
		{BFC390C9-00F2-4EAF-8556-AF6959E1191E}.Debug|Any CPU.Build.0 = Debug|Any CPU
		{BFC390C9-00F2-4EAF-8556-AF6959E1191E}.Debug|x64.ActiveCfg = Debug|Any CPU
		{BFC390C9-00F2-4EAF-8556-AF6959E1191E}.Debug|x64.Build.0 = Debug|Any CPU
		{BFC390C9-00F2-4EAF-8556-AF6959E1191E}.Debug|x86.ActiveCfg = Debug|Any CPU
		{BFC390C9-00F2-4EAF-8556-AF6959E1191E}.Debug|x86.Build.0 = Debug|Any CPU
		{BFC390C9-00F2-4EAF-8556-AF6959E1191E}.Release|Any CPU.ActiveCfg = Release|Any CPU
		{BFC390C9-00F2-4EAF-8556-AF6959E1191E}.Release|Any CPU.Build.0 = Release|Any CPU
		{BFC390C9-00F2-4EAF-8556-AF6959E1191E}.Release|x64.ActiveCfg = Release|Any CPU
		{BFC390C9-00F2-4EAF-8556-AF6959E1191E}.Release|x64.Build.0 = Release|Any CPU
		{BFC390C9-00F2-4EAF-8556-AF6959E1191E}.Release|x86.ActiveCfg = Release|Any CPU
		{BFC390C9-00F2-4EAF-8556-AF6959E1191E}.Release|x86.Build.0 = Release|Any CPU
		{A2E3F4D5-B6C7-8901-BCDE-BREEDING0002}.Debug|Any CPU.ActiveCfg = Debug|Any CPU
		{A2E3F4D5-B6C7-8901-BCDE-BREEDING0002}.Debug|Any CPU.Build.0 = Debug|Any CPU
		{A2E3F4D5-B6C7-8901-BCDE-BREEDING0002}.Debug|x64.ActiveCfg = Debug|Any CPU
		{A2E3F4D5-B6C7-8901-BCDE-BREEDING0002}.Debug|x64.Build.0 = Debug|Any CPU
		{A2E3F4D5-B6C7-8901-BCDE-BREEDING0002}.Debug|x86.ActiveCfg = Debug|Any CPU
		{A2E3F4D5-B6C7-8901-BCDE-BREEDING0002}.Debug|x86.Build.0 = Debug|Any CPU
		{A2E3F4D5-B6C7-8901-BCDE-BREEDING0002}.Release|Any CPU.ActiveCfg = Release|Any CPU
		{A2E3F4D5-B6C7-8901-BCDE-BREEDING0002}.Release|Any CPU.Build.0 = Release|Any CPU
		{A2E3F4D5-B6C7-8901-BCDE-BREEDING0002}.Release|x64.ActiveCfg = Release|Any CPU
		{A2E3F4D5-B6C7-8901-BCDE-BREEDING0002}.Release|x64.Build.0 = Release|Any CPU
		{A2E3F4D5-B6C7-8901-BCDE-BREEDING0002}.Release|x86.ActiveCfg = Release|Any CPU
		{A2E3F4D5-B6C7-8901-BCDE-BREEDING0002}.Release|x86.Build.0 = Release|Any CPU
		{A3E4F5D6-B7C8-9012-CDEF-BREEDING0003}.Debug|Any CPU.ActiveCfg = Debug|Any CPU
		{A3E4F5D6-B7C8-9012-CDEF-BREEDING0003}.Debug|Any CPU.Build.0 = Debug|Any CPU
		{A3E4F5D6-B7C8-9012-CDEF-BREEDING0003}.Debug|x64.ActiveCfg = Debug|Any CPU
		{A3E4F5D6-B7C8-9012-CDEF-BREEDING0003}.Debug|x64.Build.0 = Debug|Any CPU
		{A3E4F5D6-B7C8-9012-CDEF-BREEDING0003}.Debug|x86.ActiveCfg = Debug|Any CPU
		{A3E4F5D6-B7C8-9012-CDEF-BREEDING0003}.Debug|x86.Build.0 = Debug|Any CPU
		{A3E4F5D6-B7C8-9012-CDEF-BREEDING0003}.Release|Any CPU.ActiveCfg = Release|Any CPU
		{A3E4F5D6-B7C8-9012-CDEF-BREEDING0003}.Release|Any CPU.Build.0 = Release|Any CPU
		{A3E4F5D6-B7C8-9012-CDEF-BREEDING0003}.Release|x64.ActiveCfg = Release|Any CPU
		{A3E4F5D6-B7C8-9012-CDEF-BREEDING0003}.Release|x64.Build.0 = Release|Any CPU
		{A3E4F5D6-B7C8-9012-CDEF-BREEDING0003}.Release|x86.ActiveCfg = Release|Any CPU
		{A3E4F5D6-B7C8-9012-CDEF-BREEDING0003}.Release|x86.Build.0 = Release|Any CPU
	EndGlobalSection
	GlobalSection(SolutionProperties) = preSolution
		HideSolutionNode = FALSE
	EndGlobalSection
	GlobalSection(NestedProjects) = preSolution
		{4F52FD11-658E-A102-6CD3-7D7C16FFA15B} = {029464C1-34C4-4599-9097-DB23674E44B9}
		{F0B6B8BF-92B1-4949-A35F-053678349367} = {4F52FD11-658E-A102-6CD3-7D7C16FFA15B}
		{444922F0-55E7-446D-9D11-798BB6785F63} = {4F52FD11-658E-A102-6CD3-7D7C16FFA15B}
		{CA253913-39DE-BFD0-C9A3-4B7EC6FBDF17} = {029464C1-34C4-4599-9097-DB23674E44B9}
		{CEAC0979-DAB2-0E19-81EF-22AE32770578} = {CA253913-39DE-BFD0-C9A3-4B7EC6FBDF17}
		{428D413D-0AB9-4A44-8DEA-4DA83758DBCA} = {CEAC0979-DAB2-0E19-81EF-22AE32770578}
		{10DB9684-1A80-43E7-BC6F-E08A25EDDD57} = {CEAC0979-DAB2-0E19-81EF-22AE32770578}
		{F8C9DE4C-802A-4248-AA63-E6BC51411A74} = {029464C1-34C4-4599-9097-DB23674E44B9}
		{3EBD2373-0D07-49D4-8AD5-7CFC7D2FB4B6} = {029464C1-34C4-4599-9097-DB23674E44B9}
		{74AAC13F-230C-588C-5568-D96188CD79F4} = {029464C1-34C4-4599-9097-DB23674E44B9}
		{54393986-18C5-4B4A-A6C9-7C8FFE5C242F} = {74AAC13F-230C-588C-5568-D96188CD79F4}
		{B2650FB1-FAC8-43BD-9A9F-32E196C7115E} = {0AB3BF05-4346-4AA6-1389-037BE0695223}
		{C1FE6300-95AB-E01C-D733-4A87EDC978EC} = {CA253913-39DE-BFD0-C9A3-4B7EC6FBDF17}
		{4FD49D92-C920-4F16-B787-A2FF908C5B45} = {C1FE6300-95AB-E01C-D733-4A87EDC978EC}
		{3BA392C4-5CAA-4BE2-A93E-D78DEB14F6CC} = {C1FE6300-95AB-E01C-D733-4A87EDC978EC}
		{B2E6B45D-AA7F-5032-B1D9-CB56D348C2F5} = {CA253913-39DE-BFD0-C9A3-4B7EC6FBDF17}
		{21D5D718-0AB6-44EF-B9AD-CB4C333343A6} = {B2E6B45D-AA7F-5032-B1D9-CB56D348C2F5}
		{BC1A9545-5E71-45FD-B5DD-BA1F68B41A86} = {B2E6B45D-AA7F-5032-B1D9-CB56D348C2F5}
		{38C1AB8D-0191-F593-EB5D-111F98BD1BED} = {CA253913-39DE-BFD0-C9A3-4B7EC6FBDF17}
		{B0F5ADDC-7B84-4F41-B030-000654ED7967} = {38C1AB8D-0191-F593-EB5D-111F98BD1BED}
		{A23D481E-15FB-404C-9DF1-CCD55B068D91} = {38C1AB8D-0191-F593-EB5D-111F98BD1BED}
		{D7B3A9E1-1234-4567-ABCD-EF0123456789} = {CA253913-39DE-BFD0-C9A3-4B7EC6FBDF17}
		{E1B2C3D4-5678-90AB-CDEF-012345678901} = {D7B3A9E1-1234-4567-ABCD-EF0123456789}
		{F2C3D4E5-6789-01AB-CDEF-123456789012} = {D7B3A9E1-1234-4567-ABCD-EF0123456789}
		{D02FEE93-CAD8-416F-90F0-244C11AE1304} = {0AB3BF05-4346-4AA6-1389-037BE0695223}
		{A1B2C3D4-E5F6-7890-ABCD-EF1234567890} = {CA253913-39DE-BFD0-C9A3-4B7EC6FBDF17}
		{B2C3D4E5-F6A7-8901-BCDE-F12345678901} = {A1B2C3D4-E5F6-7890-ABCD-EF1234567890}
		{C3D4E5F6-A7B8-9012-CDEF-123456789012} = {A1B2C3D4-E5F6-7890-ABCD-EF1234567890}
		{F656467C-62C9-4143-9CE2-738A493964BC} = {0AB3BF05-4346-4AA6-1389-037BE0695223}
		{DFB9FE67-470A-4F2B-A938-E220FF73D000} = {F9B9BE15-AF2B-4285-BECB-1BB7C13CC4E0}
		{4A80BAE3-ED23-450A-8799-3A7EC3246854} = {F9B9BE15-AF2B-4285-BECB-1BB7C13CC4E0}
		{29B2A9E8-E112-4AE8-A39B-7739CE7DA0EF} = {BCA352A3-7568-4940-A9DC-2E2052BC221D}
		{D8699F0E-8D66-4A26-B7C5-9D8B28104235} = {BCA352A3-7568-4940-A9DC-2E2052BC221D}
		{EEAC74BA-3FDA-4605-90CC-8CA07ED4D4FC} = {97E66AA6-B9C1-41C2-AFE0-5AFEEC60D77D}
		{BFC390C9-00F2-4EAF-8556-AF6959E1191E} = {97E66AA6-B9C1-41C2-AFE0-5AFEEC60D77D}
		{BCA352A3-7568-4940-A9DC-2E2052BC221D} = {CA253913-39DE-BFD0-C9A3-4B7EC6FBDF17}
		{97E66AA6-B9C1-41C2-AFE0-5AFEEC60D77D} = {CA253913-39DE-BFD0-C9A3-4B7EC6FBDF17}
		{F9B9BE15-AF2B-4285-BECB-1BB7C13CC4E0} = {CA253913-39DE-BFD0-C9A3-4B7EC6FBDF17}
		{A1E2F3D4-B5C6-7890-ABCD-BREEDING0001} = {CA253913-39DE-BFD0-C9A3-4B7EC6FBDF17}
		{A2E3F4D5-B6C7-8901-BCDE-BREEDING0002} = {A1E2F3D4-B5C6-7890-ABCD-BREEDING0001}
		{A3E4F5D6-B7C8-9012-CDEF-BREEDING0003} = {A1E2F3D4-B5C6-7890-ABCD-BREEDING0001}
	EndGlobalSection
	GlobalSection(ExtensibilityGlobals) = postSolution
		SolutionGuid = {AC4757D0-37C5-462A-B0D0-CE1833B8949C}
	EndGlobalSection
EndGlobal
